// !$*UTF8*$!
{
	archiveVersion = 1;
	classes = {
	};
	objectVersion = 46;
	objects = {

/* Begin PBXBuildFile section */
		BC467EF91B05489500DBBF88 /* main.m in Sources */ = {isa = PBXBuildFile; fileRef = BC467EF81B05489500DBBF88 /* main.m */; };
		BC467EFC1B05489500DBBF88 /* AppDelegate.m in Sources */ = {isa = PBXBuildFile; fileRef = BC467EFB1B05489500DBBF88 /* AppDelegate.m */; };
		BC467EFF1B05489500DBBF88 /* ViewController.m in Sources */ = {isa = PBXBuildFile; fileRef = BC467EFE1B05489500DBBF88 /* ViewController.m */; };
		BC467F021B05489500DBBF88 /* Main.storyboard in Resources */ = {isa = PBXBuildFile; fileRef = BC467F001B05489500DBBF88 /* Main.storyboard */; };
		BC467F041B05489500DBBF88 /* Images.xcassets in Resources */ = {isa = PBXBuildFile; fileRef = BC467F031B05489500DBBF88 /* Images.xcassets */; };
		BC467F071B05489500DBBF88 /* LaunchScreen.xib in Resources */ = {isa = PBXBuildFile; fileRef = BC467F051B05489500DBBF88 /* LaunchScreen.xib */; };
		BC467F131B05489500DBBF88 /* TicTacToeTests.m in Sources */ = {isa = PBXBuildFile; fileRef = BC467F121B05489500DBBF88 /* TicTacToeTests.m */; };
/* End PBXBuildFile section */

/* Begin PBXContainerItemProxy section */
		BC467F0D1B05489500DBBF88 /* PBXContainerItemProxy */ = {
			isa = PBXContainerItemProxy;
			containerPortal = BC467EEB1B05489500DBBF88 /* Project object */;
			proxyType = 1;
			remoteGlobalIDString = BC467EF21B05489500DBBF88;
			remoteInfo = TicTacToe;
		};
/* End PBXContainerItemProxy section */

/* Begin PBXFileReference section */
		BC467EF31B05489500DBBF88 /* TicTacToe.app */ = {isa = PBXFileReference; explicitFileType = wrapper.application; includeInIndex = 0; path = TicTacToe.app; sourceTree = BUILT_PRODUCTS_DIR; };
		BC467EF71B05489500DBBF88 /* Info.plist */ = {isa = PBXFileReference; lastKnownFileType = text.plist.xml; path = Info.plist; sourceTree = "<group>"; };
		BC467EF81B05489500DBBF88 /* main.m */ = {isa = PBXFileReference; lastKnownFileType = sourcecode.c.objc; path = main.m; sourceTree = "<group>"; };
		BC467EFA1B05489500DBBF88 /* AppDelegate.h */ = {isa = PBXFileReference; lastKnownFileType = sourcecode.c.h; path = AppDelegate.h; sourceTree = "<group>"; };
		BC467EFB1B05489500DBBF88 /* AppDelegate.m */ = {isa = PBXFileReference; lastKnownFileType = sourcecode.c.objc; path = AppDelegate.m; sourceTree = "<group>"; };
		BC467EFD1B05489500DBBF88 /* ViewController.h */ = {isa = PBXFileReference; lastKnownFileType = sourcecode.c.h; path = ViewController.h; sourceTree = "<group>"; };
		BC467EFE1B05489500DBBF88 /* ViewController.m */ = {isa = PBXFileReference; lastKnownFileType = sourcecode.c.objc; path = ViewController.m; sourceTree = "<group>"; };
		BC467F011B05489500DBBF88 /* Base */ = {isa = PBXFileReference; lastKnownFileType = file.storyboard; name = Base; path = Base.lproj/Main.storyboard; sourceTree = "<group>"; };
		BC467F031B05489500DBBF88 /* Images.xcassets */ = {isa = PBXFileReference; lastKnownFileType = folder.assetcatalog; path = Images.xcassets; sourceTree = "<group>"; };
		BC467F061B05489500DBBF88 /* Base */ = {isa = PBXFileReference; lastKnownFileType = file.xib; name = Base; path = Base.lproj/LaunchScreen.xib; sourceTree = "<group>"; };
		BC467F0C1B05489500DBBF88 /* TicTacToeTests.xctest */ = {isa = PBXFileReference; explicitFileType = wrapper.cfbundle; includeInIndex = 0; path = TicTacToeTests.xctest; sourceTree = BUILT_PRODUCTS_DIR; };
		BC467F111B05489500DBBF88 /* Info.plist */ = {isa = PBXFileReference; lastKnownFileType = text.plist.xml; path = Info.plist; sourceTree = "<group>"; };
		BC467F121B05489500DBBF88 /* TicTacToeTests.m */ = {isa = PBXFileReference; lastKnownFileType = sourcecode.c.objc; path = TicTacToeTests.m; sourceTree = "<group>"; };
/* End PBXFileReference section */

/* Begin PBXFrameworksBuildPhase section */
		BC467EF01B05489500DBBF88 /* Frameworks */ = {
			isa = PBXFrameworksBuildPhase;
			buildActionMask = 2147483647;
			files = (
			);
			runOnlyForDeploymentPostprocessing = 0;
		};
		BC467F091B05489500DBBF88 /* Frameworks */ = {
			isa = PBXFrameworksBuildPhase;
			buildActionMask = 2147483647;
			files = (
			);
			runOnlyForDeploymentPostprocessing = 0;
		};
/* End PBXFrameworksBuildPhase section */

/* Begin PBXGroup section */
		BC467EEA1B05489500DBBF88 = {
			isa = PBXGroup;
			children = (
				BC467EF51B05489500DBBF88 /* TicTacToe */,
				BC467F0F1B05489500DBBF88 /* TicTacToeTests */,
				BC467EF41B05489500DBBF88 /* Products */,
			);
			sourceTree = "<group>";
		};
		BC467EF41B05489500DBBF88 /* Products */ = {
			isa = PBXGroup;
			children = (
				BC467EF31B05489500DBBF88 /* TicTacToe.app */,
				BC467F0C1B05489500DBBF88 /* TicTacToeTests.xctest */,
			);
			name = Products;
			sourceTree = "<group>";
		};
		BC467EF51B05489500DBBF88 /* TicTacToe */ = {
			isa = PBXGroup;
			children = (
				BC467EFA1B05489500DBBF88 /* AppDelegate.h */,
				BC467EFB1B05489500DBBF88 /* AppDelegate.m */,
				BC467EFD1B05489500DBBF88 /* ViewController.h */,
				BC467EFE1B05489500DBBF88 /* ViewController.m */,
				BC467F001B05489500DBBF88 /* Main.storyboard */,
				BC467F031B05489500DBBF88 /* Images.xcassets */,
				BC467F051B05489500DBBF88 /* LaunchScreen.xib */,
				BC467EF61B05489500DBBF88 /* Supporting Files */,
			);
			path = TicTacToe;
			sourceTree = "<group>";
		};
		BC467EF61B05489500DBBF88 /* Supporting Files */ = {
			isa = PBXGroup;
			children = (
				BC467EF71B05489500DBBF88 /* Info.plist */,
				BC467EF81B05489500DBBF88 /* main.m */,
			);
			name = "Supporting Files";
			sourceTree = "<group>";
		};
		BC467F0F1B05489500DBBF88 /* TicTacToeTests */ = {
			isa = PBXGroup;
			children = (
				BC467F121B05489500DBBF88 /* TicTacToeTests.m */,
				BC467F101B05489500DBBF88 /* Supporting Files */,
			);
			path = TicTacToeTests;
			sourceTree = "<group>";
		};
		BC467F101B05489500DBBF88 /* Supporting Files */ = {
			isa = PBXGroup;
			children = (
				BC467F111B05489500DBBF88 /* Info.plist */,
			);
			name = "Supporting Files";
			sourceTree = "<group>";
		};
/* End PBXGroup section */

/* Begin PBXNativeTarget section */
		BC467EF21B05489500DBBF88 /* TicTacToe */ = {
			isa = PBXNativeTarget;
			buildConfigurationList = BC467F161B05489500DBBF88 /* Build configuration list for PBXNativeTarget "TicTacToe" */;
			buildPhases = (
				BC467EEF1B05489500DBBF88 /* Sources */,
				BC467EF01B05489500DBBF88 /* Frameworks */,
				BC467EF11B05489500DBBF88 /* Resources */,
			);
			buildRules = (
			);
			dependencies = (
			);
			name = TicTacToe;
			productName = TicTacToe;
			productReference = BC467EF31B05489500DBBF88 /* TicTacToe.app */;
			productType = "com.apple.product-type.application";
		};
		BC467F0B1B05489500DBBF88 /* TicTacToeTests */ = {
			isa = PBXNativeTarget;
			buildConfigurationList = BC467F191B05489500DBBF88 /* Build configuration list for PBXNativeTarget "TicTacToeTests" */;
			buildPhases = (
				BC467F081B05489500DBBF88 /* Sources */,
				BC467F091B05489500DBBF88 /* Frameworks */,
				BC467F0A1B05489500DBBF88 /* Resources */,
			);
			buildRules = (
			);
			dependencies = (
				BC467F0E1B05489500DBBF88 /* PBXTargetDependency */,
			);
			name = TicTacToeTests;
			productName = TicTacToeTests;
			productReference = BC467F0C1B05489500DBBF88 /* TicTacToeTests.xctest */;
			productType = "com.apple.product-type.bundle.unit-test";
		};
/* End PBXNativeTarget section */

/* Begin PBXProject section */
		BC467EEB1B05489500DBBF88 /* Project object */ = {
			isa = PBXProject;
			attributes = {
				LastUpgradeCheck = 0630;
				ORGANIZATIONNAME = "Mark Porcella";
				TargetAttributes = {
					BC467EF21B05489500DBBF88 = {
						CreatedOnToolsVersion = 6.3.1;
					};
					BC467F0B1B05489500DBBF88 = {
						CreatedOnToolsVersion = 6.3.1;
						TestTargetID = BC467EF21B05489500DBBF88;
					};
				};
			};
			buildConfigurationList = BC467EEE1B05489500DBBF88 /* Build configuration list for PBXProject "TicTacToe" */;
			compatibilityVersion = "Xcode 3.2";
			developmentRegion = English;
			hasScannedForEncodings = 0;
			knownRegions = (
				en,
				Base,
			);
			mainGroup = BC467EEA1B05489500DBBF88;
			productRefGroup = BC467EF41B05489500DBBF88 /* Products */;
			projectDirPath = "";
			projectRoot = "";
			targets = (
				BC467EF21B05489500DBBF88 /* TicTacToe */,
				BC467F0B1B05489500DBBF88 /* TicTacToeTests */,
			);
		};
/* End PBXProject section */

/* Begin PBXResourcesBuildPhase section */
		BC467EF11B05489500DBBF88 /* Resources */ = {
			isa = PBXResourcesBuildPhase;
			buildActionMask = 2147483647;
			files = (
				BC467F021B05489500DBBF88 /* Main.storyboard in Resources */,
				BC467F071B05489500DBBF88 /* LaunchScreen.xib in Resources */,
				BC467F041B05489500DBBF88 /* Images.xcassets in Resources */,
			);
			runOnlyForDeploymentPostprocessing = 0;
		};
		BC467F0A1B05489500DBBF88 /* Resources */ = {
			isa = PBXResourcesBuildPhase;
			buildActionMask = 2147483647;
			files = (
			);
			runOnlyForDeploymentPostprocessing = 0;
		};
/* End PBXResourcesBuildPhase section */

/* Begin PBXSourcesBuildPhase section */
		BC467EEF1B05489500DBBF88 /* Sources */ = {
			isa = PBXSourcesBuildPhase;
			buildActionMask = 2147483647;
			files = (
				BC467EFF1B05489500DBBF88 /* ViewController.m in Sources */,
				BC467EFC1B05489500DBBF88 /* AppDelegate.m in Sources */,
				BC467EF91B05489500DBBF88 /* main.m in Sources */,
			);
			runOnlyForDeploymentPostprocessing = 0;
		};
		BC467F081B05489500DBBF88 /* Sources */ = {
			isa = PBXSourcesBuildPhase;
			buildActionMask = 2147483647;
			files = (
				BC467F131B05489500DBBF88 /* TicTacToeTests.m in Sources */,
			);
			runOnlyForDeploymentPostprocessing = 0;
		};
/* End PBXSourcesBuildPhase section */

/* Begin PBXTargetDependency section */
		BC467F0E1B05489500DBBF88 /* PBXTargetDependency */ = {
			isa = PBXTargetDependency;
			target = BC467EF21B05489500DBBF88 /* TicTacToe */;
			targetProxy = BC467F0D1B05489500DBBF88 /* PBXContainerItemProxy */;
		};
/* End PBXTargetDependency section */

/* Begin PBXVariantGroup section */
		BC467F001B05489500DBBF88 /* Main.storyboard */ = {
			isa = PBXVariantGroup;
			children = (
				BC467F011B05489500DBBF88 /* Base */,
			);
			name = Main.storyboard;
			sourceTree = "<group>";
		};
		BC467F051B05489500DBBF88 /* LaunchScreen.xib */ = {
			isa = PBXVariantGroup;
			children = (
				BC467F061B05489500DBBF88 /* Base */,
			);
			name = LaunchScreen.xib;
			sourceTree = "<group>";
		};
/* End PBXVariantGroup section */

/* Begin XCBuildConfiguration section */
		BC467F141B05489500DBBF88 /* Debug */ = {
			isa = XCBuildConfiguration;
			buildSettings = {
				ALWAYS_SEARCH_USER_PATHS = NO;
				CLANG_CXX_LANGUAGE_STANDARD = "gnu++0x";
				CLANG_CXX_LIBRARY = "libc++";
				CLANG_ENABLE_MODULES = YES;
				CLANG_ENABLE_OBJC_ARC = YES;
				CLANG_WARN_BOOL_CONVERSION = YES;
				CLANG_WARN_CONSTANT_CONVERSION = YES;
				CLANG_WARN_DIRECT_OBJC_ISA_USAGE = YES_ERROR;
				CLANG_WARN_EMPTY_BODY = YES;
				CLANG_WARN_ENUM_CONVERSION = YES;
				CLANG_WARN_INT_CONVERSION = YES;
				CLANG_WARN_OBJC_ROOT_CLASS = YES_ERROR;
				CLANG_WARN_UNREACHABLE_CODE = YES;
				CLANG_WARN__DUPLICATE_METHOD_MATCH = YES;
				"CODE_SIGN_IDENTITY[sdk=iphoneos*]" = "iPhone Developer";
				COPY_PHASE_STRIP = NO;
				DEBUG_INFORMATION_FORMAT = "dwarf-with-dsym";
				ENABLE_STRICT_OBJC_MSGSEND = YES;
				GCC_C_LANGUAGE_STANDARD = gnu99;
				GCC_DYNAMIC_NO_PIC = NO;
				GCC_NO_COMMON_BLOCKS = YES;
				GCC_OPTIMIZATION_LEVEL = 0;
				GCC_PREPROCESSOR_DEFINITIONS = (
					"DEBUG=1",
					"$(inherited)",
				);
				GCC_SYMBOLS_PRIVATE_EXTERN = NO;
				GCC_WARN_64_TO_32_BIT_CONVERSION = YES;
				GCC_WARN_ABOUT_RETURN_TYPE = YES_ERROR;
				GCC_WARN_UNDECLARED_SELECTOR = YES;
				GCC_WARN_UNINITIALIZED_AUTOS = YES_AGGRESSIVE;
				GCC_WARN_UNUSED_FUNCTION = YES;
				GCC_WARN_UNUSED_VARIABLE = YES;
				IPHONEOS_DEPLOYMENT_TARGET = 8.3;
				MTL_ENABLE_DEBUG_INFO = YES;
				ONLY_ACTIVE_ARCH = YES;
				SDKROOT = iphoneos;
			};
			name = Debug;
		};
		BC467F151B05489500DBBF88 /* Release */ = {
			isa = XCBuildConfiguration;
			buildSettings = {
				ALWAYS_SEARCH_USER_PATHS = NO;
				CLANG_CXX_LANGUAGE_STANDARD = "gnu++0x";
				CLANG_CXX_LIBRARY = "libc++";
				CLANG_ENABLE_MODULES = YES;
				CLANG_ENABLE_OBJC_ARC = YES;
				CLANG_WARN_BOOL_CONVERSION = YES;
				CLANG_WARN_CONSTANT_CONVERSION = YES;
				CLANG_WARN_DIRECT_OBJC_ISA_USAGE = YES_ERROR;
				CLANG_WARN_EMPTY_BODY = YES;
				CLANG_WARN_ENUM_CONVERSION = YES;
				CLANG_WARN_INT_CONVERSION = YES;
				CLANG_WARN_OBJC_ROOT_CLASS = YES_ERROR;
				CLANG_WARN_UNREACHABLE_CODE = YES;
				CLANG_WARN__DUPLICATE_METHOD_MATCH = YES;
				"CODE_SIGN_IDENTITY[sdk=iphoneos*]" = "iPhone Developer";
				COPY_PHASE_STRIP = NO;
				DEBUG_INFORMATION_FORMAT = "dwarf-with-dsym";
				ENABLE_NS_ASSERTIONS = NO;
				ENABLE_STRICT_OBJC_MSGSEND = YES;
				GCC_C_LANGUAGE_STANDARD = gnu99;
				GCC_NO_COMMON_BLOCKS = YES;
				GCC_WARN_64_TO_32_BIT_CONVERSION = YES;
				GCC_WARN_ABOUT_RETURN_TYPE = YES_ERROR;
				GCC_WARN_UNDECLARED_SELECTOR = YES;
				GCC_WARN_UNINITIALIZED_AUTOS = YES_AGGRESSIVE;
				GCC_WARN_UNUSED_FUNCTION = YES;
				GCC_WARN_UNUSED_VARIABLE = YES;
				IPHONEOS_DEPLOYMENT_TARGET = 8.3;
				MTL_ENABLE_DEBUG_INFO = NO;
				SDKROOT = iphoneos;
				VALIDATE_PRODUCT = YES;
			};
			name = Release;
		};
		BC467F171B05489500DBBF88 /* Debug */ = {
			isa = XCBuildConfiguration;
			buildSettings = {
				ASSETCATALOG_COMPILER_APPICON_NAME = AppIcon;
				INFOPLIST_FILE = TicTacToe/Info.plist;
				LD_RUNPATH_SEARCH_PATHS = "$(inherited) @executable_path/Frameworks";
				PRODUCT_NAME = "$(TARGET_NAME)";
			};
			name = Debug;
		};
		BC467F181B05489500DBBF88 /* Release */ = {
			isa = XCBuildConfiguration;
			buildSettings = {
				ASSETCATALOG_COMPILER_APPICON_NAME = AppIcon;
				INFOPLIST_FILE = TicTacToe/Info.plist;
				LD_RUNPATH_SEARCH_PATHS = "$(inherited) @executable_path/Frameworks";
				PRODUCT_NAME = "$(TARGET_NAME)";
			};
			name = Release;
		};
		BC467F1A1B05489500DBBF88 /* Debug */ = {
			isa = XCBuildConfiguration;
			buildSettings = {
				BUNDLE_LOADER = "$(TEST_HOST)";
				FRAMEWORK_SEARCH_PATHS = (
					"$(SDKROOT)/Developer/Library/Frameworks",
					"$(inherited)",
				);
				GCC_PREPROCESSOR_DEFINITIONS = (
					"DEBUG=1",
					"$(inherited)",
				);
				INFOPLIST_FILE = TicTacToeTests/Info.plist;
				LD_RUNPATH_SEARCH_PATHS = "$(inherited) @executable_path/Frameworks @loader_path/Frameworks";
				PRODUCT_NAME = "$(TARGET_NAME)";
				TEST_HOST = "$(BUILT_PRODUCTS_DIR)/TicTacToe.app/TicTacToe";
			};
			name = Debug;
		};
		BC467F1B1B05489500DBBF88 /* Release */ = {
			isa = XCBuildConfiguration;
			buildSettings = {
				BUNDLE_LOADER = "$(TEST_HOST)";
				FRAMEWORK_SEARCH_PATHS = (
					"$(SDKROOT)/Developer/Library/Frameworks",
					"$(inherited)",
				);
				INFOPLIST_FILE = TicTacToeTests/Info.plist;
				LD_RUNPATH_SEARCH_PATHS = "$(inherited) @executable_path/Frameworks @loader_path/Frameworks";
				PRODUCT_NAME = "$(TARGET_NAME)";
				TEST_HOST = "$(BUILT_PRODUCTS_DIR)/TicTacToe.app/TicTacToe";
			};
			name = Release;
		};
/* End XCBuildConfiguration section */

/* Begin XCConfigurationList section */
		BC467EEE1B05489500DBBF88 /* Build configuration list for PBXProject "TicTacToe" */ = {
			isa = XCConfigurationList;
			buildConfigurations = (
				BC467F141B05489500DBBF88 /* Debug */,
				BC467F151B05489500DBBF88 /* Release */,
			);
			defaultConfigurationIsVisible = 0;
			defaultConfigurationName = Release;
		};
		BC467F161B05489500DBBF88 /* Build configuration list for PBXNativeTarget "TicTacToe" */ = {
			isa = XCConfigurationList;
			buildConfigurations = (
				BC467F171B05489500DBBF88 /* Debug */,
				BC467F181B05489500DBBF88 /* Release */,
			);
			defaultConfigurationIsVisible = 0;
		};
		BC467F191B05489500DBBF88 /* Build configuration list for PBXNativeTarget "TicTacToeTests" */ = {
			isa = XCConfigurationList;
			buildConfigurations = (
				BC467F1A1B05489500DBBF88 /* Debug */,
				BC467F1B1B05489500DBBF88 /* Release */,
			);
			defaultConfigurationIsVisible = 0;
		};
/* End XCConfigurationList section */
	};
	rootObject = BC467EEB1B05489500DBBF88 /* Project object */;
}
